{
  "name": "i-music",
  "version": "1.0.0",
  "lockfileVersion": 1,
  "requires": true,
  "dependencies": {
    "abbrev": {},
    "accepts": {},
    "acorn": {},
    "acorn-dynamic-import": {},
    "acorn-jsx": {},
    "ajv": {},
    "ajv-keywords": {},
    "align-text": {},
    "alphanum-sort": {},
    "amdefine": {},
    "ansi-escapes": {},
    "ansi-regex": {},
    "ansi-styles": {},
    "anymatch": {},
    "aproba": {},
    "are-we-there-yet": {},
    "argparse": {},
    "arr-diff": {},
    "arr-flatten": {},
    "arr-union": {},
    "array-flatten": {},
    "array-union": {},
    "array-uniq": {},
    "array-unique": {},
    "arrify": {},
    "asn1": {},
    "asn1.js": {},
    "assert": {},
    "assert-plus": {},
    "assign-symbols": {},
    "async": {},
    "async-each": {},
    "async-limiter": {},
    "asynckit": {},
    "atob": {},
    "autoprefixer": {},
    "aws-sign2": {},
    "aws4": {},
    "babel-code-frame": {},
    "babel-core": {},
    "babel-eslint": {},
    "babel-generator": {},
    "babel-helper-bindify-decorators": {},
    "babel-helper-builder-binary-assignment-operator-visitor": {},
    "babel-helper-call-delegate": {},
    "babel-helper-define-map": {},
    "babel-helper-explode-assignable-expression": {},
    "babel-helper-explode-class": {},
    "babel-helper-function-name": {},
    "babel-helper-get-function-arity": {},
    "babel-helper-hoist-variables": {},
    "babel-helper-optimise-call-expression": {},
    "babel-helper-regex": {},
    "babel-helper-remap-async-to-generator": {},
    "babel-helper-replace-supers": {},
    "babel-helpers": {},
    "babel-loader": {},
    "babel-messages": {},
    "babel-plugin-check-es2015-constants": {},
    "babel-plugin-syntax-async-functions": {},
    "babel-plugin-syntax-async-generators": {},
    "babel-plugin-syntax-class-properties": {},
    "babel-plugin-syntax-decorators": {},
    "babel-plugin-syntax-dynamic-import": {},
    "babel-plugin-syntax-exponentiation-operator": {},
    "babel-plugin-syntax-object-rest-spread": {},
    "babel-plugin-syntax-trailing-function-commas": {},
    "babel-plugin-transform-async-generator-functions": {},
    "babel-plugin-transform-async-to-generator": {},
    "babel-plugin-transform-class-properties": {},
    "babel-plugin-transform-decorators": {},
    "babel-plugin-transform-es2015-arrow-functions": {},
    "babel-plugin-transform-es2015-block-scoped-functions": {},
    "babel-plugin-transform-es2015-block-scoping": {},
    "babel-plugin-transform-es2015-classes": {},
    "babel-plugin-transform-es2015-computed-properties": {},
    "babel-plugin-transform-es2015-destructuring": {},
    "babel-plugin-transform-es2015-duplicate-keys": {},
    "babel-plugin-transform-es2015-for-of": {},
    "babel-plugin-transform-es2015-function-name": {},
    "babel-plugin-transform-es2015-literals": {},
    "babel-plugin-transform-es2015-modules-amd": {},
    "babel-plugin-transform-es2015-modules-commonjs": {},
    "babel-plugin-transform-es2015-modules-systemjs": {},
    "babel-plugin-transform-es2015-modules-umd": {},
    "babel-plugin-transform-es2015-object-super": {},
    "babel-plugin-transform-es2015-parameters": {},
    "babel-plugin-transform-es2015-shorthand-properties": {},
    "babel-plugin-transform-es2015-spread": {},
    "babel-plugin-transform-es2015-sticky-regex": {},
    "babel-plugin-transform-es2015-template-literals": {},
    "babel-plugin-transform-es2015-typeof-symbol": {},
    "babel-plugin-transform-es2015-unicode-regex": {},
    "babel-plugin-transform-exponentiation-operator": {},
    "babel-plugin-transform-object-rest-spread": {},
    "babel-plugin-transform-regenerator": {},
    "babel-plugin-transform-runtime": {},
    "babel-plugin-transform-strict-mode": {},
    "babel-preset-env": {},
    "babel-preset-stage-2": {},
    "babel-preset-stage-3": {},
    "babel-register": {},
    "babel-runtime": {},
    "babel-template": {},
    "babel-traverse": {},
    "babel-types": {},
    "babelon": {},
    "babylon": {},
    "balanced-match": {},
    "base": {},
    "base64-js": {},
    "bcrypt-pbkdf": {},
    "bfj-node4": {},
    "big.js": {},
    "binary-extensions": {},
    "block-stream": {},
    "bluebird": {},
    "bn.js": {},
    "body-parser": {},
    "boolbase": {},
    "boom": {},
    "brace-expansion": {},
    "braces": {},
    "brorand": {},
    "browserify-aes": {},
    "browserify-cipher": {},
    "browserify-des": {},
    "browserify-rsa": {},
    "browserify-sign": {},
    "browserify-zlib": {},
    "browserslist": {},
    "buffer": {},
    "buffer-from": {},
    "buffer-xor": {},
    "builtin-modules": {},
    "builtin-status-codes": {},
    "bytes": {},
    "cacache": {},
    "cache-base": {},
    "caller-path": {},
    "callsites": {},
    "camel-case": {},
    "camelcase": {},
    "caniuse-api": {},
    "caniuse-db": {},
    "caniuse-lite": {},
    "caseless": {},
    "center-align": {},
    "chalk": {},
    "check-types": {},
    "chokidar": {},
    "chownr": {},
    "cipher-base": {},
    "circular-json": {},
    "clap": {},
    "class-utils": {},
    "clean-css": {},
    "cli-cursor": {},
    "cli-spinners": {},
    "cli-width": {},
    "cliui": {},
    "clone": {},
    "co": {},
    "coa": {},
    "coalescy": {},
    "code-point-at": {},
    "collection-visit": {},
    "color": {},
    "color-convert": {},
    "color-name": {},
    "color-string": {},
    "colormin": {},
    "colors": {},
    "combined-stream": {},
    "commander": {},
    "commondir": {},
    "component-emitter": {},
    "concat-map": {},
    "concat-stream": {},
    "config-chain": {},
    "connect-history-api-fallback": {},
    "console-browserify": {},
    "console-control-strings": {},
    "consolidate": {},
    "constants-browserify": {},
    "content-disposition": {},
    "content-type": {},
    "convert-source-map": {},
    "cookie": {},
    "cookie-signature": {},
    "copy-concurrently": {},
    "copy-descriptor": {},
    "copy-webpack-plugin": {},
    "core-js": {},
    "core-util-is": {},
    "cosmiconfig": {},
    "create-ecdh": {},
    "create-hash": {},
    "create-hmac": {},
    "cross-spawn": {},
    "cryptiles": {},
    "crypto-browserify": {},
    "css": {},
    "css-color-names": {},
    "css-loader": {},
    "css-select": {},
    "css-selector-tokenizer": {},
    "css-what": {},
    "cssesc": {},
    "cssnano": {},
    "csso": {},
    "cyclist": {},
    "d": {},
    "dashdash": {
      "dependencies": {
        "assert-plus": {}
      }
    },
    "date-now": {},
    "de-indent": {},
    "debug": {},
    "decamelize": {},
    "decode-uri-component": {},
    "deep-extend": {},
    "deep-is": {},
    "define-property": {},
    "defined": {},
    "del": {},
    "delayed-stream": {},
    "delegates": {},
    "depd": {},
    "des.js": {},
    "destroy": {},
    "detect-indent": {},
    "detect-libc": {},
    "diffie-hellman": {},
    "dir-glob": {},
    "doctrine": {},
    "dom-converter": {},
    "dom-serializer": {},
    "domain-browser": {},
    "domelementtype": {},
    "domhandler": {},
    "domutils": {},
    "duplexer": {},
    "duplexify": {},
    "ecc-jsbn": {},
    "editorconfig": {},
    "ee-first": {},
    "ejs": {},
    "electron-to-chromium": {},
    "elliptic": {},
    "emojis-list": {},
    "encodeurl": {},
    "end-of-stream": {},
    "enhanced-resolve": {},
    "entities": {},
    "errno": {},
    "error-ex": {},
    "error-stack-parser": {},
    "es5-ext": {},
    "es6-iterator": {},
    "es6-map": {},
    "es6-set": {},
    "es6-symbol": {},
    "es6-weak-map": {},
    "escape-html": {},
    "escape-string-regexp": {},
    "escope": {},
    "eslint": {},
    "eslint-config-standard": {},
    "eslint-friendly-formatter": {},
    "eslint-loader": {},
    "eslint-plugin-html": {},
    "eslint-plugin-promise": {},
    "eslint-plugin-standard": {},
    "espree": {},
    "esprima": {},
    "esquery": {},
    "esrecurse": {},
    "estraverse": {},
    "esutils": {},
    "etag": {},
    "event-emitter": {},
    "eventemitter3": {},
    "events": {},
    "eventsource-polyfill": {},
    "evp_bytestokey": {},
    "execa": {},
    "exit-hook": {},
    "expand-brackets": {},
    "expand-range": {},
    "express": {},
    "extend": {},
    "extend-shallow": {},
    "extglob": {},
    "extract-text-webpack-plugin": {},
    "extsprintf": {},
    "fast-deep-equal": {},
    "fast-json-stable-stringify": {},
    "fast-levenshtein": {},
    "fastparse": {},
    "figures": {},
    "file-entry-cache": {},
    "file-loader": {},
    "filename-regex": {},
    "filesize": {},
    "fill-range": {},
    "finalhandler": {},
    "find-cache-dir": {},
    "find-up": {},
    "flat-cache": {},
    "flatten": {},
    "flush-write-stream": {},
    "for-in": {},
    "for-own": {},
    "forever-agent": {},
    "form-data": {},
    "forwarded": {},
    "fragment-cache": {},
    "fresh": {},
    "friendly-errors-webpack-plugin": {},
    "from2": {},
    "fs-extra": {},
    "fs-write-stream-atomic": {},
    "fs.realpath": {},
    "fsevents": {},
    "fstream": {},
    "fstream-ignore": {},
    "function-bind": {},
    "gauge": {
      "dependencies": {
        "is-fullwidth-code-point": {},
        "string-width": {}
      }
    },
    "generate-function": {},
    "generate-object-property": {},
    "get-caller-file": {},
    "get-stream": {},
    "get-value": {},
    "getpass": {
      "dependencies": {
        "assert-plus": {}
      }
    },
    "glob": {},
    "glob-base": {},
    "glob-parent": {},
    "globals": {},
    "globby": {},
    "graceful-fs": {},
    "gzip-size": {},
    "har-schema": {},
    "har-validator": {},
    "has": {},
    "has-ansi": {},
    "has-flag": {},
    "has-unicode": {},
    "has-value": {},
    "has-values": {},
    "hash-base": {},
    "hash-sum": {},
    "hash.js": {},
    "hawk": {},
    "he": {},
    "hmac-drbg": {},
    "hoek": {},
    "home-or-tmp": {},
    "hosted-git-info": {},
    "html-comment-regex": {},
    "html-minifier": {},
    "html-webpack-plugin": {},
    "htmlparser2": {},
    "http-errors": {},
    "http-proxy": {},
    "http-proxy-middleware": {},
    "http-signature": {},
    "https-browserify": {},
    "iconv-lite": {},
    "icss-replace-symbols": {},
    "icss-utils": {},
    "ieee754": {},
    "iferr": {},
    "ignore": {},
    "imurmurhash": {},
    "indexes-of": {},
    "indexof": {},
    "inflight": {},
    "inherits": {},
    "ini": {},
    "inquirer": {},
    "interpret": {},
    "invariant": {},
    "invert-kv": {},
    "ipaddr.js": {},
    "is-absolute-url": {},
    "is-accessor-descriptor": {},
    "is-arrayish": {},
    "is-binary-path": {},
    "is-buffer": {},
    "is-builtin-module": {},
    "is-data-descriptor": {},
    "is-descriptor": {},
    "is-directory": {},
    "is-dotfile": {},
    "is-equal-shallow": {},
    "is-extendable": {},
    "is-extglob": {},
    "is-finite": {},
    "is-fullwidth-code-point": {},
    "is-glob": {},
    "is-my-ip-valid": {},
    "is-my-json-valid": {},
    "is-number": {},
    "is-odd": {},
    "is-path-cwd": {},
    "is-path-in-cwd": {},
    "is-path-inside": {},
    "is-plain-obj": {},
    "is-plain-object": {},
    "is-posix-bracket": {},
    "is-primitive": {},
    "is-property": {},
    "is-resolvable": {},
    "is-stream": {},
    "is-svg": {},
    "is-typedarray": {},
    "is-utf8": {},
    "is-windows": {},
    "isarray": {},
    "isexe": {},
    "isobject": {},
    "isstream": {},
    "js-base64": {},
    "js-beautify": {},
    "js-tokens": {},
    "js-yaml": {},
    "jsbn": {},
    "jsesc": {},
    "json-loader": {},
    "json-schema": {},
    "json-schema-traverse": {},
    "json-stable-stringify": {},
    "json-stringify-safe": {},
    "json5": {},
    "jsonfile": {},
    "jsonify": {},
    "jsonpointer": {},
    "jsprim": {
      "dependencies": {
        "assert-plus": {}
      }
    },
    "kind-of": {},
    "lazy-cache": {},
    "lcid": {},
    "levn": {},
    "load-json-file": {},
    "loader-fs-cache": {},
    "loader-runner": {},
    "loader-utils": {},
    "locate-path": {},
    "lodash": {},
    "lodash.camelcase": {},
    "lodash.memoize": {},
    "lodash.uniq": {},
    "log-symbols": {},
    "longest": {},
    "loose-envify": {},
    "lower-case": {},
    "lru-cache": {},
    "macaddress": {},
    "make-dir": {},
    "map-cache": {},
    "map-visit": {},
    "math-expression-evaluator": {},
    "md5.js": {},
    "media-typer": {},
    "mem": {},
    "memory-fs": {},
    "merge-descriptors": {},
    "methods": {},
    "micromatch": {},
    "miller-rabin": {},
    "mime": {},
    "mime-db": {},
    "mime-types": {},
    "mimic-fn": {},
    "minimalistic-assert": {},
    "minimalistic-crypto-utils": {},
    "minimatch": {},
    "minimist": {},
    "mississippi": {},
    "mixin-deep": {},
    "mkdirp": {},
    "move-concurrently": {},
    "mpvue": {},
    "mpvue-loader": {},
    "mpvue-template-compiler": {},
    "mpvue-webpack-target": {},
    "ms": {},
    "mute-stream": {},
    "nan": {},
    "nanomatch": {},
    "natives": {},
    "natural-compare": {},
    "negotiator": {},
    "neo-async": {},
    "next-tick": {},
    "no-case": {},
    "node-libs-browser": {},
    "node-pre-gyp": {
      "dependencies": {
        "nopt": {}
      }
    },
    "nopt": {},
    "normalize-package-data": {},
    "normalize-path": {},
    "normalize-range": {},
    "normalize-url": {},
    "npm-run-path": {},
    "npmlog": {},
    "nth-check": {},
    "num2fraction": {},
    "number-is-nan": {},
    "oauth-sign": {},
    "object-assign": {},
    "object-copy": {},
    "object-hash": {},
    "object-visit": {},
    "object.omit": {},
    "object.pick": {},
    "on-finished": {},
    "once": {},
    "onetime": {},
    "opener": {},
    "optimize-css-assets-webpack-plugin": {},
    "optionator": {},
    "ora": {},
    "os-browserify": {},
    "os-homedir": {},
    "os-locale": {},
    "os-tmpdir": {},
    "osenv": {},
    "p-finally": {},
    "p-limit": {},
    "p-locate": {},
    "p-try": {},
    "pako": {},
    "parallel-transform": {},
    "param-case": {},
    "parse-asn1": {},
    "parse-glob": {},
    "parse-json": {},
    "parseurl": {},
    "pascalcase": {},
    "path-browserify": {},
    "path-dirname": {},
    "path-exists": {},
    "path-is-absolute": {},
    "path-is-inside": {},
    "path-key": {},
    "path-parse": {},
    "path-to-regexp": {},
    "path-type": {},
    "pbkdf2": {},
    "performance-now": {},
    "pify": {},
    "pinkie": {},
    "pinkie-promise": {},
    "pkg-dir": {},
    "pluralize": {},
    "posix-character-classes": {},
    "postcss": {},
    "postcss-calc": {},
    "postcss-colormin": {},
    "postcss-convert-values": {},
    "postcss-discard-comments": {},
    "postcss-discard-duplicates": {},
    "postcss-discard-empty": {},
    "postcss-discard-overridden": {},
    "postcss-discard-unused": {},
    "postcss-filter-plugins": {},
    "postcss-load-config": {},
    "postcss-load-options": {},
    "postcss-load-plugins": {},
    "postcss-loader": {},
    "postcss-merge-idents": {},
    "postcss-merge-longhand": {},
    "postcss-merge-rules": {},
    "postcss-message-helpers": {},
    "postcss-minify-font-values": {},
    "postcss-minify-gradients": {},
    "postcss-minify-params": {},
    "postcss-minify-selectors": {},
    "postcss-modules-extract-imports": {},
    "postcss-modules-local-by-default": {},
    "postcss-modules-scope": {},
    "postcss-modules-values": {},
    "postcss-mpvue-wxss": {},
    "postcss-normalize-charset": {},
    "postcss-normalize-url": {},
    "postcss-ordered-values": {},
    "postcss-reduce-idents": {},
    "postcss-reduce-initial": {},
    "postcss-reduce-transforms": {},
    "postcss-selector-parser": {},
    "postcss-svgo": {},
    "postcss-unique-selectors": {},
    "postcss-value-parser": {},
    "postcss-zindex": {},
    "prelude-ls": {},
    "prepend-http": {},
    "preserve": {},
    "prettier": {},
    "pretty-error": {},
    "private": {},
    "process": {},
    "process-nextick-args": {},
    "progress": {},
    "promise-inflight": {},
    "proto-list": {},
    "proxy-addr": {},
    "prr": {},
    "pseudomap": {},
    "public-encrypt": {},
    "pump": {},
    "pumpify": {},
    "punycode": {},
    "px2rpx": {},
    "px2rpx-loader": {},
    "q": {},
    "qs": {},
    "query-string": {},
    "querystring": {},
    "querystring-es3": {},
    "randomatic": {},
    "randombytes": {},
    "randomfill": {},
    "range-parser": {},
    "raw-body": {},
    "rc": {},
    "read-pkg": {},
    "read-pkg-up": {},
    "readable-stream": {},
    "readdirp": {},
    "readline2": {},
    "rechoir": {},
    "reduce-css-calc": {},
    "reduce-function-call": {},
    "regenerate": {},
    "regenerator-runtime": {},
    "regenerator-transform": {},
    "regex-cache": {},
    "regex-not": {},
    "regexpu-core": {},
    "regjsgen": {},
    "regjsparser": {},
    "relateurl": {},
    "remove-trailing-separator": {},
    "renderkid": {},
    "repeat-element": {},
    "repeat-string": {},
    "repeating": {},
    "request": {
      "dependencies": {
        "qs": {}
      }
    },
    "require-directory": {},
    "require-from-string": {},
    "require-main-filename": {},
    "require-uncached": {},
    "requires-port": {},
    "resolve": {},
    "resolve-from": {},
    "resolve-url": {},
    "restore-cursor": {},
    "ret": {},
    "right-align": {},
    "rimraf": {},
    "ripemd160": {},
    "run-async": {},
    "run-queue": {},
    "rx-lite": {},
    "safe-buffer": {},
    "safe-regex": {},
    "sax": {},
    "schema-utils": {},
    "semver": {},
    "send": {},
    "serialize-javascript": {},
    "serve-static": {},
    "set-blocking": {},
    "set-immediate-shim": {},
    "set-value": {},
    "setimmediate": {},
    "setprototypeof": {},
    "sha.js": {},
    "shebang-command": {},
    "shebang-regex": {},
    "shelljs": {},
    "sigmund": {},
    "signal-exit": {},
    "slash": {},
    "slice-ansi": {},
    "snapdragon": {},
    "snapdragon-node": {},
    "snapdragon-util": {},
    "sntp": {},
    "sort-keys": {},
    "source-list-map": {},
    "source-map": {},
    "source-map-resolve": {},
    "source-map-support": {},
    "source-map-url": {},
    "spdx-correct": {},
    "spdx-exceptions": {},
    "spdx-expression-parse": {},
    "spdx-license-ids": {},
    "split-string": {},
    "sprintf-js": {},
    "sshpk": {
      "dependencies": {
        "assert-plus": {}
      }
    },
    "ssri": {},
    "stackframe": {},
    "static-extend": {},
    "statuses": {},
    "stream-browserify": {},
    "stream-each": {},
    "stream-http": {},
    "stream-shift": {},
    "strict-uri-encode": {},
    "string-width": {},
    "string_decoder": {},
    "stringstream": {},
    "strip-ansi": {},
    "strip-bom": {},
    "strip-eof": {},
    "strip-json-comments": {},
    "supports-color": {},
    "svgo": {},
    "table": {},
    "tapable": {},
    "tar": {},
    "tar-pack": {},
    "text-table": {},
    "through": {},
    "through2": {},
    "time-stamp": {},
    "timers-browserify": {},
    "to-arraybuffer": {},
    "to-fast-properties": {},
    "to-object-path": {},
    "to-regex": {},
    "to-regex-range": {},
    "toposort": {},
    "tough-cookie": {},
    "trim-right": {},
    "tryer": {},
    "tty-browserify": {},
    "tunnel-agent": {},
    "tweetnacl": {},
    "type-check": {},
    "type-is": {},
    "typedarray": {},
    "uglify-js": {},
    "uglify-to-browserify": {},
    "uglifyjs-webpack-plugin": {},
    "uid-number": {},
    "underscore": {},
    "union-value": {},
    "uniq": {},
    "uniqid": {},
    "uniqs": {},
    "unique-filename": {},
    "unique-slug": {},
    "unpipe": {},
    "unset-value": {},
    "upath": {},
    "upper-case": {},
    "uri-js": {},
    "urix": {},
    "url": {},
    "url-loader": {},
    "use": {},
    "user-home": {},
    "util": {},
    "util-deprecate": {},
    "utila": {},
    "utils-merge": {},
    "uuid": {},
    "validate-npm-package-license": {},
    "vary": {},
    "vendors": {},
    "verror": {
      "dependencies": {
        "assert-plus": {}
      }
    },
    "vm-browserify": {},
    "vue-hot-reload-api": {},
    "vue-loader": {},
    "vue-style-loader": {},
    "vue-template-es2015-compiler": {},
    "vuex": {},
    "watchpack": {},
    "webpack": {},
    "webpack-bundle-analyzer": {},
    "webpack-dev-middleware-hard-disk": {},
    "webpack-merge": {},
    "webpack-mpvue-asset-plugin": {},
    "webpack-sources": {},
    "whet.extend": {},
    "which": {},
    "which-module": {},
    "wide-align": {
      "dependencies": {
        "is-fullwidth-code-point": {},
        "string-width": {}
      }
    },
    "window-size": {},
    "wordwrap": {},
    "wrap-ansi": {},
    "wrappy": {},
    "write": {},
    "ws": {},
    "xtend": {},
    "y18n": {},
    "yallist": {},
    "yargs": {},
    "yargs-parser": {}
  }
}
